
Microsoft Visual Studio Solution File, Format Version 12.00
# Visual Studio Version 17
VisualStudioVersion = 17.1.32421.90
MinimumVisualStudioVersion = 10.0.40219.1
Project("{FAE04EC0-301F-11D3-BF4B-00C04F79EFBC}") = "Assignment_7_mvc", "Assignment_7_mvc\Assignment_7_mvc.csproj", "{FAC8F737-D434-45E1-BE11-C70D7E47AE55}"
EndProject
Global
	GlobalSection(SolutionConfigurationPlatforms) = preSolution
		Debug|Any CPU = Debug|Any CPU
		Release|Any CPU = Release|Any CPU
	EndGlobalSection
	GlobalSection(ProjectConfigurationPlatforms) = postSolution
		{FAC8F737-D434-45E1-BE11-C70D7E47AE55}.Debug|Any CPU.ActiveCfg = Debug|Any CPU
		{FAC8F737-D434-45E1-BE11-C70D7E47AE55}.Debug|Any CPU.Build.0 = Debug|Any CPU
		{FAC8F737-D434-45E1-BE11-C70D7E47AE55}.Release|Any CPU.ActiveCfg = Release|Any CPU
		{FAC8F737-D434-45E1-BE11-C70D7E47AE55}.Release|Any CPU.Build.0 = Release|Any CPU
	EndGlobalSection
	GlobalSection(SolutionProperties) = preSolution
		HideSolutionNode = FALSE
	EndGlobalSection
	GlobalSection(ExtensibilityGlobals) = postSolution
		SolutionGuid = {CFD1B7F0-5196-4D5C-AB07-CDCCE4AE0B9B}
	EndGlobalSection
EndGlobal
